
Microsoft Visual Studio Solution File, Format Version 12.00
Project("{FAE04EC0-301F-11D3-BF4B-00C04F79EFBC}") = "SharedLib", "newry-SharedLib\SharedLib.csproj", "{61A1B160-8102-4F41-8528-6110F12B5D83}"
EndProject
Project("{FAE04EC0-301F-11D3-BF4B-00C04F79EFBC}") = "PingPongFeed.Service", "PingPongFeed.Service\PingPongFeed.Service.csproj", "{30DC56AE-6AC9-406B-89A5-BBB11B9DCFD7}"
EndProject
Project("{FAE04EC0-301F-11D3-BF4B-00C04F79EFBC}") = "PingPong.Domain", "PingPong.Domain\PingPong.Domain.csproj", "{57D37E9A-AAD0-4B05-8AC7-90B088EEBD43}"
EndProject
Project("{FAE04EC0-301F-11D3-BF4B-00C04F79EFBC}") = "PingPong.Infrastructure", "PingPong.Infrastructure\PingPong.Infrastructure.csproj", "{17B40F31-1048-4853-A87E-0944FFC90855}"
EndProject
Global
	GlobalSection(SolutionConfigurationPlatforms) = preSolution
		Debug|Any CPU = Debug|Any CPU
		Release|Any CPU = Release|Any CPU
	EndGlobalSection
	GlobalSection(ProjectConfigurationPlatforms) = postSolution
		{61A1B160-8102-4F41-8528-6110F12B5D83}.Debug|Any CPU.ActiveCfg = Debug|Any CPU
		{61A1B160-8102-4F41-8528-6110F12B5D83}.Debug|Any CPU.Build.0 = Debug|Any CPU
		{61A1B160-8102-4F41-8528-6110F12B5D83}.Release|Any CPU.ActiveCfg = Release|Any CPU
		{61A1B160-8102-4F41-8528-6110F12B5D83}.Release|Any CPU.Build.0 = Release|Any CPU
		{30DC56AE-6AC9-406B-89A5-BBB11B9DCFD7}.Debug|Any CPU.ActiveCfg = Debug|Any CPU
		{30DC56AE-6AC9-406B-89A5-BBB11B9DCFD7}.Debug|Any CPU.Build.0 = Debug|Any CPU
		{30DC56AE-6AC9-406B-89A5-BBB11B9DCFD7}.Release|Any CPU.ActiveCfg = Release|Any CPU
		{30DC56AE-6AC9-406B-89A5-BBB11B9DCFD7}.Release|Any CPU.Build.0 = Release|Any CPU
		{57D37E9A-AAD0-4B05-8AC7-90B088EEBD43}.Debug|Any CPU.ActiveCfg = Debug|Any CPU
		{57D37E9A-AAD0-4B05-8AC7-90B088EEBD43}.Debug|Any CPU.Build.0 = Debug|Any CPU
		{57D37E9A-AAD0-4B05-8AC7-90B088EEBD43}.Release|Any CPU.ActiveCfg = Release|Any CPU
		{57D37E9A-AAD0-4B05-8AC7-90B088EEBD43}.Release|Any CPU.Build.0 = Release|Any CPU
		{17B40F31-1048-4853-A87E-0944FFC90855}.Debug|Any CPU.ActiveCfg = Debug|Any CPU
		{17B40F31-1048-4853-A87E-0944FFC90855}.Debug|Any CPU.Build.0 = Debug|Any CPU
		{17B40F31-1048-4853-A87E-0944FFC90855}.Release|Any CPU.ActiveCfg = Release|Any CPU
		{17B40F31-1048-4853-A87E-0944FFC90855}.Release|Any CPU.Build.0 = Release|Any CPU
	EndGlobalSection
EndGlobal
